
Microsoft Visual Studio Solution File, Format Version 12.00
# Visual Studio Version 16
VisualStudioVersion = 16.0.30011.22
MinimumVisualStudioVersion = 10.0.40219.1
Project("{FAE04EC0-301F-11D3-BF4B-00C04F79EFBC}") = "DateTimeFund", "DateTimeFund\DateTimeFund.csproj", "{4E9B9782-FF9C-4D2E-957F-5CF4ED640CC9}"
EndProject
Global
	GlobalSection(SolutionConfigurationPlatforms) = preSolution
		Debug|Any CPU = Debug|Any CPU
		Release|Any CPU = Release|Any CPU
	EndGlobalSection
	GlobalSection(ProjectConfigurationPlatforms) = postSolution
		{4E9B9782-FF9C-4D2E-957F-5CF4ED640CC9}.Debug|Any CPU.ActiveCfg = Debug|Any CPU
		{4E9B9782-FF9C-4D2E-957F-5CF4ED640CC9}.Debug|Any CPU.Build.0 = Debug|Any CPU
		{4E9B9782-FF9C-4D2E-957F-5CF4ED640CC9}.Release|Any CPU.ActiveCfg = Release|Any CPU
		{4E9B9782-FF9C-4D2E-957F-5CF4ED640CC9}.Release|Any CPU.Build.0 = Release|Any CPU
	EndGlobalSection
	GlobalSection(SolutionProperties) = preSolution
		HideSolutionNode = FALSE
	EndGlobalSection
	GlobalSection(ExtensibilityGlobals) = postSolution
		SolutionGuid = {2A3822BA-F40E-4B41-BEA3-18000451E96A}
	EndGlobalSection
EndGlobal
